
Microsoft Visual Studio Solution File, Format Version 11.00
# Visual Studio 2010
Project("{FAE04EC0-301F-11D3-BF4B-00C04F79EFBC}") = "Network Unity", "Assembly-CSharp.csproj", "{EF9A0F38-4F7B-A7C4-5092-FFFD13AD77F4}"
EndProject
Project("{FAE04EC0-301F-11D3-BF4B-00C04F79EFBC}") = "Network Unity", "Assembly-CSharp-Editor-firstpass.csproj", "{A7B029EC-227D-F184-64D2-4EB74C95F634}"
EndProject
Global
	GlobalSection(SolutionConfigurationPlatforms) = preSolution
		Debug|Any CPU = Debug|Any CPU
		Release|Any CPU = Release|Any CPU
	EndGlobalSection
	GlobalSection(ProjectConfigurationPlatforms) = postSolution
		{EF9A0F38-4F7B-A7C4-5092-FFFD13AD77F4}.Debug|Any CPU.ActiveCfg = Debug|Any CPU
		{EF9A0F38-4F7B-A7C4-5092-FFFD13AD77F4}.Debug|Any CPU.Build.0 = Debug|Any CPU
		{EF9A0F38-4F7B-A7C4-5092-FFFD13AD77F4}.Release|Any CPU.ActiveCfg = Release|Any CPU
		{EF9A0F38-4F7B-A7C4-5092-FFFD13AD77F4}.Release|Any CPU.Build.0 = Release|Any CPU
		{A7B029EC-227D-F184-64D2-4EB74C95F634}.Debug|Any CPU.ActiveCfg = Debug|Any CPU
		{A7B029EC-227D-F184-64D2-4EB74C95F634}.Debug|Any CPU.Build.0 = Debug|Any CPU
		{A7B029EC-227D-F184-64D2-4EB74C95F634}.Release|Any CPU.ActiveCfg = Release|Any CPU
		{A7B029EC-227D-F184-64D2-4EB74C95F634}.Release|Any CPU.Build.0 = Release|Any CPU
	EndGlobalSection
	GlobalSection(SolutionProperties) = preSolution
		HideSolutionNode = FALSE
	EndGlobalSection
	GlobalSection(MonoDevelopProperties) = preSolution
		StartupItem = Assembly-CSharp.csproj
	EndGlobalSection
EndGlobal
